
Microsoft Visual Studio Solution File, Format Version 12.00
# Visual Studio 15
VisualStudioVersion = 15.0.28010.2036
MinimumVisualStudioVersion = 10.0.40219.1
Project("{FAE04EC0-301F-11D3-BF4B-00C04F79EFBC}") = "ConsoleApp1", "ConsoleApp1\ConsoleApp1.csproj", "{7FB5E918-B92C-403D-A88C-6D796B6B51C3}"
EndProject
Global
	GlobalSection(SolutionConfigurationPlatforms) = preSolution
		Debug|Any CPU = Debug|Any CPU
		Release|Any CPU = Release|Any CPU
	EndGlobalSection
	GlobalSection(ProjectConfigurationPlatforms) = postSolution
		{7FB5E918-B92C-403D-A88C-6D796B6B51C3}.Debug|Any CPU.ActiveCfg = Debug|Any CPU
		{7FB5E918-B92C-403D-A88C-6D796B6B51C3}.Debug|Any CPU.Build.0 = Debug|Any CPU
		{7FB5E918-B92C-403D-A88C-6D796B6B51C3}.Release|Any CPU.ActiveCfg = Release|Any CPU
		{7FB5E918-B92C-403D-A88C-6D796B6B51C3}.Release|Any CPU.Build.0 = Release|Any CPU
	EndGlobalSection
	GlobalSection(SolutionProperties) = preSolution
		HideSolutionNode = FALSE
	EndGlobalSection
	GlobalSection(ExtensibilityGlobals) = postSolution
		SolutionGuid = {1F103A16-6FAA-42F0-8DC8-FC3116501555}
	EndGlobalSection
EndGlobal
