
Microsoft Visual Studio Solution File, Format Version 12.00
# Visual Studio 15
VisualStudioVersion = 15.0.28307.271
MinimumVisualStudioVersion = 10.0.40219.1
Project("{FAE04EC0-301F-11D3-BF4B-00C04F79EFBC}") = "GameCore", "GameCore\GameCore.csproj", "{F2DC53EF-834F-44CA-9B13-455435F0C757}"
EndProject
Project("{FAE04EC0-301F-11D3-BF4B-00C04F79EFBC}") = "GameCore.Specs", "GameCore.Specs\GameCore.Specs.csproj", "{C63D7936-F386-45E6-BFDC-C72710CF62DA}"
EndProject
Global
	GlobalSection(SolutionConfigurationPlatforms) = preSolution
		Debug|Any CPU = Debug|Any CPU
		Release|Any CPU = Release|Any CPU
	EndGlobalSection
	GlobalSection(ProjectConfigurationPlatforms) = postSolution
		{F2DC53EF-834F-44CA-9B13-455435F0C757}.Debug|Any CPU.ActiveCfg = Debug|Any CPU
		{F2DC53EF-834F-44CA-9B13-455435F0C757}.Debug|Any CPU.Build.0 = Debug|Any CPU
		{F2DC53EF-834F-44CA-9B13-455435F0C757}.Release|Any CPU.ActiveCfg = Release|Any CPU
		{F2DC53EF-834F-44CA-9B13-455435F0C757}.Release|Any CPU.Build.0 = Release|Any CPU
		{C63D7936-F386-45E6-BFDC-C72710CF62DA}.Debug|Any CPU.ActiveCfg = Debug|Any CPU
		{C63D7936-F386-45E6-BFDC-C72710CF62DA}.Debug|Any CPU.Build.0 = Debug|Any CPU
		{C63D7936-F386-45E6-BFDC-C72710CF62DA}.Release|Any CPU.ActiveCfg = Release|Any CPU
		{C63D7936-F386-45E6-BFDC-C72710CF62DA}.Release|Any CPU.Build.0 = Release|Any CPU
	EndGlobalSection
	GlobalSection(SolutionProperties) = preSolution
		HideSolutionNode = FALSE
	EndGlobalSection
	GlobalSection(ExtensibilityGlobals) = postSolution
		SolutionGuid = {959405B8-4BD5-4C0E-8BC7-FC205B1508AF}
	EndGlobalSection
EndGlobal
