
Microsoft Visual Studio Solution File, Format Version 12.00
# Visual Studio Version 16
VisualStudioVersion = 16.0.30320.27
MinimumVisualStudioVersion = 10.0.40219.1
Project("{9A19103F-16F7-4668-BE54-9A1E7A4F7556}") = "automapper-fun", "automapper-fun\automapper-fun.csproj", "{5BE21ECF-E6B8-4625-9576-288D948265BF}"
EndProject
Project("{FAE04EC0-301F-11D3-BF4B-00C04F79EFBC}") = "Core", "Core\Core.csproj", "{A901E76D-0AB3-4ED7-8C2E-E37E0326937F}"
EndProject
Global
	GlobalSection(SolutionConfigurationPlatforms) = preSolution
		Debug|Any CPU = Debug|Any CPU
		Release|Any CPU = Release|Any CPU
	EndGlobalSection
	GlobalSection(ProjectConfigurationPlatforms) = postSolution
		{5BE21ECF-E6B8-4625-9576-288D948265BF}.Debug|Any CPU.ActiveCfg = Debug|Any CPU
		{5BE21ECF-E6B8-4625-9576-288D948265BF}.Debug|Any CPU.Build.0 = Debug|Any CPU
		{5BE21ECF-E6B8-4625-9576-288D948265BF}.Release|Any CPU.ActiveCfg = Release|Any CPU
		{5BE21ECF-E6B8-4625-9576-288D948265BF}.Release|Any CPU.Build.0 = Release|Any CPU
		{A901E76D-0AB3-4ED7-8C2E-E37E0326937F}.Debug|Any CPU.ActiveCfg = Debug|Any CPU
		{A901E76D-0AB3-4ED7-8C2E-E37E0326937F}.Debug|Any CPU.Build.0 = Debug|Any CPU
		{A901E76D-0AB3-4ED7-8C2E-E37E0326937F}.Release|Any CPU.ActiveCfg = Release|Any CPU
		{A901E76D-0AB3-4ED7-8C2E-E37E0326937F}.Release|Any CPU.Build.0 = Release|Any CPU
	EndGlobalSection
	GlobalSection(SolutionProperties) = preSolution
		HideSolutionNode = FALSE
	EndGlobalSection
	GlobalSection(ExtensibilityGlobals) = postSolution
		SolutionGuid = {F689B3BE-5216-4CD8-BBF3-6EA28B50E009}
	EndGlobalSection
EndGlobal
