
Microsoft Visual Studio Solution File, Format Version 12.00
# Visual Studio Version 16
VisualStudioVersion = 16.0.30011.22
MinimumVisualStudioVersion = 10.0.40219.1
Project("{FAE04EC0-301F-11D3-BF4B-00C04F79EFBC}") = "MediaRDemo", "MediaRDemo\MediaRDemo.csproj", "{021B76AB-0B30-4839-907A-D8732D61CB33}"
EndProject
Global
	GlobalSection(SolutionConfigurationPlatforms) = preSolution
		Debug|Any CPU = Debug|Any CPU
		Release|Any CPU = Release|Any CPU
	EndGlobalSection
	GlobalSection(ProjectConfigurationPlatforms) = postSolution
		{021B76AB-0B30-4839-907A-D8732D61CB33}.Debug|Any CPU.ActiveCfg = Debug|Any CPU
		{021B76AB-0B30-4839-907A-D8732D61CB33}.Debug|Any CPU.Build.0 = Debug|Any CPU
		{021B76AB-0B30-4839-907A-D8732D61CB33}.Release|Any CPU.ActiveCfg = Release|Any CPU
		{021B76AB-0B30-4839-907A-D8732D61CB33}.Release|Any CPU.Build.0 = Release|Any CPU
	EndGlobalSection
	GlobalSection(SolutionProperties) = preSolution
		HideSolutionNode = FALSE
	EndGlobalSection
	GlobalSection(ExtensibilityGlobals) = postSolution
		SolutionGuid = {F3C913F6-4230-443F-A3D1-063981841202}
	EndGlobalSection
EndGlobal
