
Microsoft Visual Studio Solution File, Format Version 12.00
# Visual Studio 2013
VisualStudioVersion = 12.0.40629.0
MinimumVisualStudioVersion = 10.0.40219.1
Project("{FAE04EC0-301F-11D3-BF4B-00C04F79EFBC}") = "simpleEvent", "simpleEvent.csproj", "{CF568263-5A3C-4D1C-A880-E9529D8E483B}"
EndProject
Global
	GlobalSection(SolutionConfigurationPlatforms) = preSolution
		Debug|Any CPU = Debug|Any CPU
		Release|Any CPU = Release|Any CPU
	EndGlobalSection
	GlobalSection(ProjectConfigurationPlatforms) = postSolution
		{CF568263-5A3C-4D1C-A880-E9529D8E483B}.Debug|Any CPU.ActiveCfg = Debug|Any CPU
		{CF568263-5A3C-4D1C-A880-E9529D8E483B}.Debug|Any CPU.Build.0 = Debug|Any CPU
		{CF568263-5A3C-4D1C-A880-E9529D8E483B}.Release|Any CPU.ActiveCfg = Release|Any CPU
		{CF568263-5A3C-4D1C-A880-E9529D8E483B}.Release|Any CPU.Build.0 = Release|Any CPU
	EndGlobalSection
	GlobalSection(SolutionProperties) = preSolution
		HideSolutionNode = FALSE
	EndGlobalSection
EndGlobal
